// !$*UTF8*$!
{
	archiveVersion = 1;
	classes = {
	};
	objectVersion = 77;
	objects = {

/* Begin PBXBuildFile section */
		AB5133E92CFB72A3005738C1 /* Metal.framework in Frameworks */ = {isa = PBXBuildFile; fileRef = AB5133E82CFB72A3005738C1 /* Metal.framework */; };
		AB5133EB2CFB72A9005738C1 /* MetalKit.framework in Frameworks */ = {isa = PBXBuildFile; fileRef = AB5133EA2CFB72A9005738C1 /* MetalKit.framework */; };
		AB5133ED2CFB72AD005738C1 /* AppKit.framework in Frameworks */ = {isa = PBXBuildFile; fileRef = AB5133EC2CFB72AD005738C1 /* AppKit.framework */; };
		AB5133EF2CFB72B1005738C1 /* QuartzCore.framework in Frameworks */ = {isa = PBXBuildFile; fileRef = AB5133EE2CFB72B1005738C1 /* QuartzCore.framework */; };
		AB5133F12CFB72C5005738C1 /* Foundation.framework in Frameworks */ = {isa = PBXBuildFile; fileRef = AB5133F02CFB72C5005738C1 /* Foundation.framework */; };
		AB86A7572CFBAE1C00CC5BA3 /* SDL2.framework in Frameworks */ = {isa = PBXBuildFile; fileRef = AB86A6F42CFBA80F00CC5BA3 /* SDL2.framework */; };
		AB86A7582CFBAE1C00CC5BA3 /* SDL2.framework in Embed Frameworks */ = {isa = PBXBuildFile; fileRef = AB86A6F42CFBA80F00CC5BA3 /* SDL2.framework */; settings = {ATTRIBUTES = (CodeSignOnCopy, RemoveHeadersOnCopy, ); }; };
		AB8B33EA2D01380E007D139C /* libOpenImageIO.3.0.1.dylib in Frameworks */ = {isa = PBXBuildFile; fileRef = AB8B33E92D01380E007D139C /* libOpenImageIO.3.0.1.dylib */; };
		AB8B33EC2D0156FE007D139C /* libOpenImageIO_Util.3.0.1.dylib in Frameworks */ = {isa = PBXBuildFile; fileRef = AB8B33EB2D0156FE007D139C /* libOpenImageIO_Util.3.0.1.dylib */; };
		ABE00B762CFB893A00DA8AED /* libmetal-cpp.a in Frameworks */ = {isa = PBXBuildFile; fileRef = ABE00B692CFB891B00DA8AED /* libmetal-cpp.a */; };
/* End PBXBuildFile section */

/* Begin PBXContainerItemProxy section */
		AB7553E32D1521240037E10C /* PBXContainerItemProxy */ = {
			isa = PBXContainerItemProxy;
			containerPortal = AB5132AF2CFB7024005738C1 /* Project object */;
			proxyType = 1;
			remoteGlobalIDString = AB7553D92D15210F0037E10C;
			remoteInfo = loaders;
		};
		ABE00B742CFB892B00DA8AED /* PBXContainerItemProxy */ = {
			isa = PBXContainerItemProxy;
			containerPortal = AB5132AF2CFB7024005738C1 /* Project object */;
			proxyType = 1;
			remoteGlobalIDString = ABE00B682CFB891B00DA8AED;
			remoteInfo = "metal-cpp";
		};
		ABECF90A2D0092C100918BB5 /* PBXContainerItemProxy */ = {
			isa = PBXContainerItemProxy;
			containerPortal = AB5132AF2CFB7024005738C1 /* Project object */;
			proxyType = 1;
			remoteGlobalIDString = AB51358D2CFB77EE005738C1;
			remoteInfo = renderer_pt;
		};
		ABECF90C2D0092C400918BB5 /* PBXContainerItemProxy */ = {
			isa = PBXContainerItemProxy;
			containerPortal = AB5132AF2CFB7024005738C1 /* Project object */;
			proxyType = 1;
			remoteGlobalIDString = AB51357F2CFB7791005738C1;
			remoteInfo = renderer_studio;
		};
		ABF001CD2D029B5A00C2DC14 /* PBXContainerItemProxy */ = {
			isa = PBXContainerItemProxy;
			containerPortal = AB5132AF2CFB7024005738C1 /* Project object */;
			proxyType = 1;
			remoteGlobalIDString = ABF001C32D029B4700C2DC14;
			remoteInfo = tools;
		};
/* End PBXContainerItemProxy section */

/* Begin PBXCopyFilesBuildPhase section */
		AB5133BE2CFB7108005738C1 /* Copy GGX LUT Files */ = {
			isa = PBXCopyFilesBuildPhase;
			buildActionMask = 12;
			dstPath = resource/lut;
			dstSubfolderSpec = 16;
			files = (
			);
			name = "Copy GGX LUT Files";
			runOnlyForDeploymentPostprocessing = 0;
		};
		AB86A7592CFBAE1C00CC5BA3 /* Embed Frameworks */ = {
			isa = PBXCopyFilesBuildPhase;
			buildActionMask = 2147483647;
			dstPath = "";
			dstSubfolderSpec = 10;
			files = (
				AB86A7582CFBAE1C00CC5BA3 /* SDL2.framework in Embed Frameworks */,
			);
			name = "Embed Frameworks";
			runOnlyForDeploymentPostprocessing = 0;
		};
/* End PBXCopyFilesBuildPhase section */

/* Begin PBXFileReference section */
		AB5133C02CFB7108005738C1 /* platinum */ = {isa = PBXFileReference; explicitFileType = "compiled.mach-o.executable"; includeInIndex = 0; path = platinum; sourceTree = BUILT_PRODUCTS_DIR; };
		AB5133E82CFB72A3005738C1 /* Metal.framework */ = {isa = PBXFileReference; lastKnownFileType = wrapper.framework; name = Metal.framework; path = System/Library/Frameworks/Metal.framework; sourceTree = SDKROOT; };
		AB5133EA2CFB72A9005738C1 /* MetalKit.framework */ = {isa = PBXFileReference; lastKnownFileType = wrapper.framework; name = MetalKit.framework; path = System/Library/Frameworks/MetalKit.framework; sourceTree = SDKROOT; };
		AB5133EC2CFB72AD005738C1 /* AppKit.framework */ = {isa = PBXFileReference; lastKnownFileType = wrapper.framework; name = AppKit.framework; path = System/Library/Frameworks/AppKit.framework; sourceTree = SDKROOT; };
		AB5133EE2CFB72B1005738C1 /* QuartzCore.framework */ = {isa = PBXFileReference; lastKnownFileType = wrapper.framework; name = QuartzCore.framework; path = System/Library/Frameworks/QuartzCore.framework; sourceTree = SDKROOT; };
		AB5133F02CFB72C5005738C1 /* Foundation.framework */ = {isa = PBXFileReference; lastKnownFileType = wrapper.framework; name = Foundation.framework; path = System/Library/Frameworks/Foundation.framework; sourceTree = SDKROOT; };
		AB5135802CFB7791005738C1 /* renderer_studio.metallib */ = {isa = PBXFileReference; explicitFileType = "archive.metal-library"; includeInIndex = 0; path = renderer_studio.metallib; sourceTree = BUILT_PRODUCTS_DIR; };
		AB51358E2CFB77EE005738C1 /* renderer_pt.metallib */ = {isa = PBXFileReference; explicitFileType = "archive.metal-library"; includeInIndex = 0; path = renderer_pt.metallib; sourceTree = BUILT_PRODUCTS_DIR; };
		AB7553DA2D15210F0037E10C /* loaders.metallib */ = {isa = PBXFileReference; explicitFileType = "archive.metal-library"; includeInIndex = 0; path = loaders.metallib; sourceTree = BUILT_PRODUCTS_DIR; };
		AB86A6F42CFBA80F00CC5BA3 /* SDL2.framework */ = {isa = PBXFileReference; lastKnownFileType = wrapper.framework; name = SDL2.framework; path = ../../../../Library/Frameworks/SDL2.framework; sourceTree = "<group>"; };
		AB8B33E92D01380E007D139C /* libOpenImageIO.3.0.1.dylib */ = {isa = PBXFileReference; lastKnownFileType = "compiled.mach-o.dylib"; name = libOpenImageIO.3.0.1.dylib; path = ../../../../opt/homebrew/Cellar/openimageio/3.0.1.0/lib/libOpenImageIO.3.0.1.dylib; sourceTree = "<group>"; };
		AB8B33EB2D0156FE007D139C /* libOpenImageIO_Util.3.0.1.dylib */ = {isa = PBXFileReference; lastKnownFileType = "compiled.mach-o.dylib"; name = libOpenImageIO_Util.3.0.1.dylib; path = ../../../../opt/homebrew/Cellar/openimageio/3.0.1.0/lib/libOpenImageIO_Util.3.0.1.dylib; sourceTree = "<group>"; };
		ABD2D3272CFB9B1900AE082A /* SDL2 */ = {isa = PBXFileReference; lastKnownFileType = "compiled.mach-o.dylib"; name = SDL2; path = sdl2/SDL2.framework/Versions/A/SDL2; sourceTree = "<group>"; };
		ABE00B692CFB891B00DA8AED /* libmetal-cpp.a */ = {isa = PBXFileReference; explicitFileType = archive.ar; includeInIndex = 0; path = "libmetal-cpp.a"; sourceTree = BUILT_PRODUCTS_DIR; };
		ABECF9092CFEA9B400918BB5 /* .gitignore */ = {isa = PBXFileReference; lastKnownFileType = text; path = .gitignore; sourceTree = "<group>"; };
		ABF001C42D029B4700C2DC14 /* tools.metallib */ = {isa = PBXFileReference; explicitFileType = "archive.metal-library"; includeInIndex = 0; path = tools.metallib; sourceTree = BUILT_PRODUCTS_DIR; };
/* End PBXFileReference section */

/* Begin PBXFileSystemSynchronizedBuildFileExceptionSet section */
		AB5133DB2CFB71A4005738C1 /* Exceptions for "src" folder in "platinum" target */ = {
			isa = PBXFileSystemSynchronizedBuildFileExceptionSet;
			membershipExceptions = (
				core/mesh.cpp,
				core/primitives.cpp,
				core/scene.cpp,
				core/store.cpp,
				frontend/frontend.cpp,
				frontend/state.cpp,
				frontend/widgets.cpp,
				frontend/window.cpp,
				frontend/windows/properties.cpp,
				frontend/windows/pt_viewport.cpp,
				frontend/windows/scene_explorer.cpp,
				frontend/windows/studio_viewport.cpp,
				frontend/windows/tools/ms_lut_gen.cpp,
				loaders/gltf.cpp,
				main.cpp,
				renderer_pt/renderer_pt.cpp,
				renderer_studio/renderer_studio.cpp,
				renderer_studio/studio_camera.cpp,
				utils/matrices.cpp,
				utils/metal_utils.mm,
				utils/utils.cpp,
			);
			target = AB5133BF2CFB7108005738C1 /* platinum */;
		};
		AB51358B2CFB77D2005738C1 /* Exceptions for "src" folder in "renderer_studio" target */ = {
			isa = PBXFileSystemSynchronizedBuildFileExceptionSet;
			membershipExceptions = (
				renderer_studio/shaders/camera.metal,
				renderer_studio/shaders/edge_pass.metal,
				renderer_studio/shaders/grid.metal,
				renderer_studio/shaders/main.metal,
			);
			target = AB51357F2CFB7791005738C1 /* renderer_studio */;
		};
		AB5135972CFB7805005738C1 /* Exceptions for "src" folder in "renderer_pt" target */ = {
			isa = PBXFileSystemSynchronizedBuildFileExceptionSet;
			membershipExceptions = (
				renderer_pt/shaders/bsdf.metal,
				renderer_pt/shaders/intersections.metal,
				renderer_pt/shaders/kernel.metal,
				renderer_pt/shaders/postprocess.metal,
				renderer_pt/shaders/samplers.metal,
			);
			target = AB51358D2CFB77EE005738C1 /* renderer_pt */;
		};
		AB7553E22D15211F0037E10C /* Exceptions for "src" folder in "loaders" target */ = {
			isa = PBXFileSystemSynchronizedBuildFileExceptionSet;
			membershipExceptions = (
				loaders/texture_converter.metal,
			);
			target = AB7553D92D15210F0037E10C /* loaders */;
		};
		ABB417942D2237A900AC86CC /* Exceptions for "deps" folder in "platinum" target */ = {
			isa = PBXFileSystemSynchronizedBuildFileExceptionSet;
			membershipExceptions = (
				fastgltf/lib/libfastgltf,
				imgui/backends/imgui_impl_metal.mm,
				imgui/backends/imgui_impl_sdl2.cpp,
				imgui/imgui_demo.cpp,
				imgui/imgui_draw.cpp,
				imgui/imgui_tables.cpp,
				imgui/imgui_widgets.cpp,
				imgui/imgui.cpp,
				imgui/misc/cpp/imgui_stdlib.cpp,
				mikkt/mikktspace.c,
				nfd/libnfd,
			);
			target = AB5133BF2CFB7108005738C1 /* platinum */;
		};
		ABB417952D2237A900AC86CC /* Exceptions for "deps" folder in "metal-cpp" target */ = {
			isa = PBXFileSystemSynchronizedBuildFileExceptionSet;
			membershipExceptions = (
				"metal-cmake/definition.cpp",
				"metal-cmake/metal-cpp-extensions/AppKit/AppKit.hpp",
				"metal-cmake/metal-cpp-extensions/AppKit/AppKitPrivate.hpp",
				"metal-cmake/metal-cpp-extensions/AppKit/NSApplication.hpp",
				"metal-cmake/metal-cpp-extensions/AppKit/NSMenu.hpp",
				"metal-cmake/metal-cpp-extensions/AppKit/NSMenuItem.hpp",
				"metal-cmake/metal-cpp-extensions/AppKit/NSRunningApplication.hpp",
				"metal-cmake/metal-cpp-extensions/AppKit/NSView.hpp",
				"metal-cmake/metal-cpp-extensions/AppKit/NSWindow.hpp",
				"metal-cmake/metal-cpp-extensions/MetalKit/MetalKit.hpp",
				"metal-cmake/metal-cpp-extensions/MetalKit/MetalKitPrivate.hpp",
				"metal-cmake/metal-cpp-extensions/MetalKit/MTKView.hpp",
				"metal-cmake/metal-cpp/Foundation/Foundation.hpp",
				"metal-cmake/metal-cpp/Foundation/NSArray.hpp",
				"metal-cmake/metal-cpp/Foundation/NSAutoreleasePool.hpp",
				"metal-cmake/metal-cpp/Foundation/NSBundle.hpp",
				"metal-cmake/metal-cpp/Foundation/NSData.hpp",
				"metal-cmake/metal-cpp/Foundation/NSDate.hpp",
				"metal-cmake/metal-cpp/Foundation/NSDefines.hpp",
				"metal-cmake/metal-cpp/Foundation/NSDictionary.hpp",
				"metal-cmake/metal-cpp/Foundation/NSEnumerator.hpp",
				"metal-cmake/metal-cpp/Foundation/NSError.hpp",
				"metal-cmake/metal-cpp/Foundation/NSLock.hpp",
				"metal-cmake/metal-cpp/Foundation/NSNotification.hpp",
				"metal-cmake/metal-cpp/Foundation/NSNumber.hpp",
				"metal-cmake/metal-cpp/Foundation/NSObjCRuntime.hpp",
				"metal-cmake/metal-cpp/Foundation/NSObject.hpp",
				"metal-cmake/metal-cpp/Foundation/NSPrivate.hpp",
				"metal-cmake/metal-cpp/Foundation/NSProcessInfo.hpp",
				"metal-cmake/metal-cpp/Foundation/NSRange.hpp",
				"metal-cmake/metal-cpp/Foundation/NSSet.hpp",
				"metal-cmake/metal-cpp/Foundation/NSSharedPtr.hpp",
				"metal-cmake/metal-cpp/Foundation/NSString.hpp",
				"metal-cmake/metal-cpp/Foundation/NSTypes.hpp",
				"metal-cmake/metal-cpp/Foundation/NSURL.hpp",
				"metal-cmake/metal-cpp/Metal/Metal.hpp",
				"metal-cmake/metal-cpp/Metal/MTLAccelerationStructure.hpp",
				"metal-cmake/metal-cpp/Metal/MTLAccelerationStructureCommandEncoder.hpp",
				"metal-cmake/metal-cpp/Metal/MTLAccelerationStructureTypes.hpp",
				"metal-cmake/metal-cpp/Metal/MTLAllocation.hpp",
				"metal-cmake/metal-cpp/Metal/MTLArgument.hpp",
				"metal-cmake/metal-cpp/Metal/MTLArgumentEncoder.hpp",
				"metal-cmake/metal-cpp/Metal/MTLBinaryArchive.hpp",
				"metal-cmake/metal-cpp/Metal/MTLBlitCommandEncoder.hpp",
				"metal-cmake/metal-cpp/Metal/MTLBlitPass.hpp",
				"metal-cmake/metal-cpp/Metal/MTLBuffer.hpp",
				"metal-cmake/metal-cpp/Metal/MTLCaptureManager.hpp",
				"metal-cmake/metal-cpp/Metal/MTLCaptureScope.hpp",
				"metal-cmake/metal-cpp/Metal/MTLCommandBuffer.hpp",
				"metal-cmake/metal-cpp/Metal/MTLCommandEncoder.hpp",
				"metal-cmake/metal-cpp/Metal/MTLCommandQueue.hpp",
				"metal-cmake/metal-cpp/Metal/MTLComputeCommandEncoder.hpp",
				"metal-cmake/metal-cpp/Metal/MTLComputePass.hpp",
				"metal-cmake/metal-cpp/Metal/MTLComputePipeline.hpp",
				"metal-cmake/metal-cpp/Metal/MTLCounters.hpp",
				"metal-cmake/metal-cpp/Metal/MTLDefines.hpp",
				"metal-cmake/metal-cpp/Metal/MTLDepthStencil.hpp",
				"metal-cmake/metal-cpp/Metal/MTLDevice.hpp",
				"metal-cmake/metal-cpp/Metal/MTLDrawable.hpp",
				"metal-cmake/metal-cpp/Metal/MTLDynamicLibrary.hpp",
				"metal-cmake/metal-cpp/Metal/MTLEvent.hpp",
				"metal-cmake/metal-cpp/Metal/MTLFence.hpp",
				"metal-cmake/metal-cpp/Metal/MTLFunctionConstantValues.hpp",
				"metal-cmake/metal-cpp/Metal/MTLFunctionDescriptor.hpp",
				"metal-cmake/metal-cpp/Metal/MTLFunctionHandle.hpp",
				"metal-cmake/metal-cpp/Metal/MTLFunctionLog.hpp",
				"metal-cmake/metal-cpp/Metal/MTLFunctionStitching.hpp",
				"metal-cmake/metal-cpp/Metal/MTLHeaderBridge.hpp",
				"metal-cmake/metal-cpp/Metal/MTLHeap.hpp",
				"metal-cmake/metal-cpp/Metal/MTLIndirectCommandBuffer.hpp",
				"metal-cmake/metal-cpp/Metal/MTLIndirectCommandEncoder.hpp",
				"metal-cmake/metal-cpp/Metal/MTLIntersectionFunctionTable.hpp",
				"metal-cmake/metal-cpp/Metal/MTLIOCommandBuffer.hpp",
				"metal-cmake/metal-cpp/Metal/MTLIOCommandQueue.hpp",
				"metal-cmake/metal-cpp/Metal/MTLIOCompressor.hpp",
				"metal-cmake/metal-cpp/Metal/MTLLibrary.hpp",
				"metal-cmake/metal-cpp/Metal/MTLLinkedFunctions.hpp",
				"metal-cmake/metal-cpp/Metal/MTLLogState.hpp",
				"metal-cmake/metal-cpp/Metal/MTLParallelRenderCommandEncoder.hpp",
				"metal-cmake/metal-cpp/Metal/MTLPipeline.hpp",
				"metal-cmake/metal-cpp/Metal/MTLPixelFormat.hpp",
				"metal-cmake/metal-cpp/Metal/MTLPrivate.hpp",
				"metal-cmake/metal-cpp/Metal/MTLRasterizationRate.hpp",
				"metal-cmake/metal-cpp/Metal/MTLRenderCommandEncoder.hpp",
				"metal-cmake/metal-cpp/Metal/MTLRenderPass.hpp",
				"metal-cmake/metal-cpp/Metal/MTLRenderPipeline.hpp",
				"metal-cmake/metal-cpp/Metal/MTLResidencySet.hpp",
				"metal-cmake/metal-cpp/Metal/MTLResource.hpp",
				"metal-cmake/metal-cpp/Metal/MTLResourceStateCommandEncoder.hpp",
				"metal-cmake/metal-cpp/Metal/MTLResourceStatePass.hpp",
				"metal-cmake/metal-cpp/Metal/MTLSampler.hpp",
				"metal-cmake/metal-cpp/Metal/MTLStageInputOutputDescriptor.hpp",
				"metal-cmake/metal-cpp/Metal/MTLTexture.hpp",
				"metal-cmake/metal-cpp/Metal/MTLTypes.hpp",
				"metal-cmake/metal-cpp/Metal/MTLVersion.hpp",
				"metal-cmake/metal-cpp/Metal/MTLVertexDescriptor.hpp",
				"metal-cmake/metal-cpp/Metal/MTLVisibleFunctionTable.hpp",
				"metal-cmake/metal-cpp/MetalFX/MetalFX.hpp",
				"metal-cmake/metal-cpp/MetalFX/MTLFXDefines.hpp",
				"metal-cmake/metal-cpp/MetalFX/MTLFXPrivate.hpp",
				"metal-cmake/metal-cpp/MetalFX/MTLFXSpatialScaler.hpp",
				"metal-cmake/metal-cpp/MetalFX/MTLFXTemporalScaler.hpp",
				"metal-cmake/metal-cpp/QuartzCore/CADefines.hpp",
				"metal-cmake/metal-cpp/QuartzCore/CAMetalDrawable.hpp",
				"metal-cmake/metal-cpp/QuartzCore/CAMetalLayer.hpp",
				"metal-cmake/metal-cpp/QuartzCore/CAPrivate.hpp",
				"metal-cmake/metal-cpp/QuartzCore/QuartzCore.hpp",
			);
			target = ABE00B682CFB891B00DA8AED /* metal-cpp */;
		};
		ABF001CC2D029B5400C2DC14 /* Exceptions for "src" folder in "tools" target */ = {
			isa = PBXFileSystemSynchronizedBuildFileExceptionSet;
			membershipExceptions = (
				frontend/windows/tools/shaders/ms_lut_gen.metal,
			);
			target = ABF001C32D029B4700C2DC14 /* tools */;
		};
/* End PBXFileSystemSynchronizedBuildFileExceptionSet section */

/* Begin PBXFileSystemSynchronizedGroupBuildPhaseMembershipExceptionSet section */
		AB8598A12D060DFD000DDA69 /* Exceptions for "resource" folder in "Copy GGX LUT Files" phase from "platinum" target */ = {
			isa = PBXFileSystemSynchronizedGroupBuildPhaseMembershipExceptionSet;
			buildPhase = AB5133BE2CFB7108005738C1 /* Copy GGX LUT Files */;
			membershipExceptions = (
				lut/ggx_E_avg.exr,
				lut/ggx_E_trans_in_0.exr,
				lut/ggx_E_trans_in_1.exr,
				lut/ggx_E_trans_in_2.exr,
				lut/ggx_E_trans_in_3.exr,
				lut/ggx_E_trans_in_4.exr,
				lut/ggx_E_trans_in_5.exr,
				lut/ggx_E_trans_in_6.exr,
				lut/ggx_E_trans_in_7.exr,
				lut/ggx_E_trans_in_8.exr,
				lut/ggx_E_trans_in_9.exr,
				lut/ggx_E_trans_in_10.exr,
				lut/ggx_E_trans_in_11.exr,
				lut/ggx_E_trans_in_12.exr,
				lut/ggx_E_trans_in_13.exr,
				lut/ggx_E_trans_in_14.exr,
				lut/ggx_E_trans_in_15.exr,
				lut/ggx_E_trans_in_16.exr,
				lut/ggx_E_trans_in_17.exr,
				lut/ggx_E_trans_in_18.exr,
				lut/ggx_E_trans_in_19.exr,
				lut/ggx_E_trans_in_20.exr,
				lut/ggx_E_trans_in_21.exr,
				lut/ggx_E_trans_in_22.exr,
				lut/ggx_E_trans_in_23.exr,
				lut/ggx_E_trans_in_24.exr,
				lut/ggx_E_trans_in_25.exr,
				lut/ggx_E_trans_in_26.exr,
				lut/ggx_E_trans_in_27.exr,
				lut/ggx_E_trans_in_28.exr,
				lut/ggx_E_trans_in_29.exr,
				lut/ggx_E_trans_in_30.exr,
				lut/ggx_E_trans_in_31.exr,
				lut/ggx_E_trans_in_avg.exr,
				lut/ggx_E_trans_out_0.exr,
				lut/ggx_E_trans_out_1.exr,
				lut/ggx_E_trans_out_2.exr,
				lut/ggx_E_trans_out_3.exr,
				lut/ggx_E_trans_out_4.exr,
				lut/ggx_E_trans_out_5.exr,
				lut/ggx_E_trans_out_6.exr,
				lut/ggx_E_trans_out_7.exr,
				lut/ggx_E_trans_out_8.exr,
				lut/ggx_E_trans_out_9.exr,
				lut/ggx_E_trans_out_10.exr,
				lut/ggx_E_trans_out_11.exr,
				lut/ggx_E_trans_out_12.exr,
				lut/ggx_E_trans_out_13.exr,
				lut/ggx_E_trans_out_14.exr,
				lut/ggx_E_trans_out_15.exr,
				lut/ggx_E_trans_out_16.exr,
				lut/ggx_E_trans_out_17.exr,
				lut/ggx_E_trans_out_18.exr,
				lut/ggx_E_trans_out_19.exr,
				lut/ggx_E_trans_out_20.exr,
				lut/ggx_E_trans_out_21.exr,
				lut/ggx_E_trans_out_22.exr,
				lut/ggx_E_trans_out_23.exr,
				lut/ggx_E_trans_out_24.exr,
				lut/ggx_E_trans_out_25.exr,
				lut/ggx_E_trans_out_26.exr,
				lut/ggx_E_trans_out_27.exr,
				lut/ggx_E_trans_out_28.exr,
				lut/ggx_E_trans_out_29.exr,
				lut/ggx_E_trans_out_30.exr,
				lut/ggx_E_trans_out_31.exr,
				lut/ggx_E_trans_out_avg.exr,
				lut/ggx_E.exr,
				lut/ggx_ms_E_0.exr,
				lut/ggx_ms_E_1.exr,
				lut/ggx_ms_E_2.exr,
				lut/ggx_ms_E_3.exr,
				lut/ggx_ms_E_4.exr,
				lut/ggx_ms_E_5.exr,
				lut/ggx_ms_E_6.exr,
				lut/ggx_ms_E_7.exr,
				lut/ggx_ms_E_8.exr,
				lut/ggx_ms_E_9.exr,
				lut/ggx_ms_E_10.exr,
				lut/ggx_ms_E_11.exr,
				lut/ggx_ms_E_12.exr,
				lut/ggx_ms_E_13.exr,
				lut/ggx_ms_E_14.exr,
				lut/ggx_ms_E_15.exr,
				lut/ggx_ms_E_16.exr,
				lut/ggx_ms_E_17.exr,
				lut/ggx_ms_E_18.exr,
				lut/ggx_ms_E_19.exr,
				lut/ggx_ms_E_20.exr,
				lut/ggx_ms_E_21.exr,
				lut/ggx_ms_E_22.exr,
				lut/ggx_ms_E_23.exr,
				lut/ggx_ms_E_24.exr,
				lut/ggx_ms_E_25.exr,
				lut/ggx_ms_E_26.exr,
				lut/ggx_ms_E_27.exr,
				lut/ggx_ms_E_28.exr,
				lut/ggx_ms_E_29.exr,
				lut/ggx_ms_E_30.exr,
				lut/ggx_ms_E_31.exr,
				lut/ggx_ms_E_avg.exr,
			);
		};
/* End PBXFileSystemSynchronizedGroupBuildPhaseMembershipExceptionSet section */

/* Begin PBXFileSystemSynchronizedRootGroup section */
		AB5132EF2CFB7042005738C1 /* src */ = {
			isa = PBXFileSystemSynchronizedRootGroup;
			exceptions = (
				AB5133DB2CFB71A4005738C1 /* Exceptions for "src" folder in "platinum" target */,
				AB51358B2CFB77D2005738C1 /* Exceptions for "src" folder in "renderer_studio" target */,
				AB5135972CFB7805005738C1 /* Exceptions for "src" folder in "renderer_pt" target */,
				ABF001CC2D029B5400C2DC14 /* Exceptions for "src" folder in "tools" target */,
				AB7553E22D15211F0037E10C /* Exceptions for "src" folder in "loaders" target */,
			);
			path = src;
			sourceTree = "<group>";
		};
		AB8598982D060D74000DDA69 /* resource */ = {
			isa = PBXFileSystemSynchronizedRootGroup;
			exceptions = (
				AB8598A12D060DFD000DDA69 /* Exceptions for "resource" folder in "Copy GGX LUT Files" phase from "platinum" target */,
			);
			path = resource;
			sourceTree = "<group>";
		};
		ABB415F32D22379F00AC86CC /* deps */ = {
			isa = PBXFileSystemSynchronizedRootGroup;
			exceptions = (
				ABB417942D2237A900AC86CC /* Exceptions for "deps" folder in "platinum" target */,
				ABB417952D2237A900AC86CC /* Exceptions for "deps" folder in "metal-cpp" target */,
			);
			path = deps;
			sourceTree = "<group>";
		};
/* End PBXFileSystemSynchronizedRootGroup section */

/* Begin PBXFrameworksBuildPhase section */
		AB5133BD2CFB7108005738C1 /* Frameworks */ = {
			isa = PBXFrameworksBuildPhase;
			buildActionMask = 2147483647;
			files = (
				ABE00B762CFB893A00DA8AED /* libmetal-cpp.a in Frameworks */,
				AB5133EF2CFB72B1005738C1 /* QuartzCore.framework in Frameworks */,
				AB5133E92CFB72A3005738C1 /* Metal.framework in Frameworks */,
				AB5133ED2CFB72AD005738C1 /* AppKit.framework in Frameworks */,
				AB5133EB2CFB72A9005738C1 /* MetalKit.framework in Frameworks */,
				AB5133F12CFB72C5005738C1 /* Foundation.framework in Frameworks */,
				AB86A7572CFBAE1C00CC5BA3 /* SDL2.framework in Frameworks */,
				AB8B33EA2D01380E007D139C /* libOpenImageIO.3.0.1.dylib in Frameworks */,
				AB8B33EC2D0156FE007D139C /* libOpenImageIO_Util.3.0.1.dylib in Frameworks */,
			);
			runOnlyForDeploymentPostprocessing = 0;
		};
		ABE00B672CFB891B00DA8AED /* Frameworks */ = {
			isa = PBXFrameworksBuildPhase;
			buildActionMask = 2147483647;
			files = (
			);
			runOnlyForDeploymentPostprocessing = 0;
		};
/* End PBXFrameworksBuildPhase section */

/* Begin PBXGroup section */
		AB5132AE2CFB7024005738C1 = {
			isa = PBXGroup;
			children = (
				ABB415F32D22379F00AC86CC /* deps */,
				AB8598982D060D74000DDA69 /* resource */,
				AB5132EF2CFB7042005738C1 /* src */,
				ABECF9092CFEA9B400918BB5 /* .gitignore */,
				AB5133DC2CFB7253005738C1 /* Frameworks */,
				AB5133C12CFB7108005738C1 /* Products */,
			);
			sourceTree = "<group>";
		};
		AB5133C12CFB7108005738C1 /* Products */ = {
			isa = PBXGroup;
			children = (
				AB5133C02CFB7108005738C1 /* platinum */,
				AB5135802CFB7791005738C1 /* renderer_studio.metallib */,
				AB51358E2CFB77EE005738C1 /* renderer_pt.metallib */,
				ABE00B692CFB891B00DA8AED /* libmetal-cpp.a */,
				ABF001C42D029B4700C2DC14 /* tools.metallib */,
				AB7553DA2D15210F0037E10C /* loaders.metallib */,
			);
			name = Products;
			sourceTree = "<group>";
		};
		AB5133DC2CFB7253005738C1 /* Frameworks */ = {
			isa = PBXGroup;
			children = (
				AB8B33EB2D0156FE007D139C /* libOpenImageIO_Util.3.0.1.dylib */,
				AB8B33E92D01380E007D139C /* libOpenImageIO.3.0.1.dylib */,
				AB86A6F42CFBA80F00CC5BA3 /* SDL2.framework */,
				ABD2D3272CFB9B1900AE082A /* SDL2 */,
				AB5133F02CFB72C5005738C1 /* Foundation.framework */,
				AB5133EE2CFB72B1005738C1 /* QuartzCore.framework */,
				AB5133EC2CFB72AD005738C1 /* AppKit.framework */,
				AB5133EA2CFB72A9005738C1 /* MetalKit.framework */,
				AB5133E82CFB72A3005738C1 /* Metal.framework */,
			);
			name = Frameworks;
			sourceTree = "<group>";
		};
/* End PBXGroup section */

/* Begin PBXHeadersBuildPhase section */
		ABE00B652CFB891B00DA8AED /* Headers */ = {
			isa = PBXHeadersBuildPhase;
			buildActionMask = 2147483647;
			files = (
			);
			runOnlyForDeploymentPostprocessing = 0;
		};
/* End PBXHeadersBuildPhase section */

/* Begin PBXNativeTarget section */
		AB5133BF2CFB7108005738C1 /* platinum */ = {
			isa = PBXNativeTarget;
			buildConfigurationList = AB5133C52CFB7108005738C1 /* Build configuration list for PBXNativeTarget "platinum" */;
			buildPhases = (
				AB5133BC2CFB7108005738C1 /* Sources */,
				AB5133BD2CFB7108005738C1 /* Frameworks */,
				AB86A7592CFBAE1C00CC5BA3 /* Embed Frameworks */,
				AB5133BE2CFB7108005738C1 /* Copy GGX LUT Files */,
			);
			buildRules = (
			);
			dependencies = (
				AB7553E42D1521240037E10C /* PBXTargetDependency */,
				ABF001CE2D029B5A00C2DC14 /* PBXTargetDependency */,
				ABECF90D2D0092C400918BB5 /* PBXTargetDependency */,
				ABECF90B2D0092C100918BB5 /* PBXTargetDependency */,
				ABE00B752CFB892B00DA8AED /* PBXTargetDependency */,
			);
			name = platinum;
			packageProductDependencies = (
			);
			productName = platinum;
			productReference = AB5133C02CFB7108005738C1 /* platinum */;
			productType = "com.apple.product-type.tool";
		};
		AB51357F2CFB7791005738C1 /* renderer_studio */ = {
			isa = PBXNativeTarget;
			buildConfigurationList = AB5135842CFB7791005738C1 /* Build configuration list for PBXNativeTarget "renderer_studio" */;
			buildPhases = (
				AB51357E2CFB7791005738C1 /* Sources */,
			);
			buildRules = (
			);
			dependencies = (
			);
			name = renderer_studio;
			packageProductDependencies = (
			);
			productName = renderer_studio;
			productReference = AB5135802CFB7791005738C1 /* renderer_studio.metallib */;
			productType = "com.apple.product-type.metal-library";
		};
		AB51358D2CFB77EE005738C1 /* renderer_pt */ = {
			isa = PBXNativeTarget;
			buildConfigurationList = AB5135922CFB77EE005738C1 /* Build configuration list for PBXNativeTarget "renderer_pt" */;
			buildPhases = (
				AB51358C2CFB77EE005738C1 /* Sources */,
			);
			buildRules = (
			);
			dependencies = (
			);
			name = renderer_pt;
			packageProductDependencies = (
			);
			productName = renderer_pt;
			productReference = AB51358E2CFB77EE005738C1 /* renderer_pt.metallib */;
			productType = "com.apple.product-type.metal-library";
		};
		AB7553D92D15210F0037E10C /* loaders */ = {
			isa = PBXNativeTarget;
			buildConfigurationList = AB7553DE2D15210F0037E10C /* Build configuration list for PBXNativeTarget "loaders" */;
			buildPhases = (
				AB7553D82D15210F0037E10C /* Sources */,
			);
			buildRules = (
			);
			dependencies = (
			);
			name = loaders;
			packageProductDependencies = (
			);
			productName = loaders;
			productReference = AB7553DA2D15210F0037E10C /* loaders.metallib */;
			productType = "com.apple.product-type.metal-library";
		};
		ABE00B682CFB891B00DA8AED /* metal-cpp */ = {
			isa = PBXNativeTarget;
			buildConfigurationList = ABE00B712CFB891B00DA8AED /* Build configuration list for PBXNativeTarget "metal-cpp" */;
			buildPhases = (
				ABE00B652CFB891B00DA8AED /* Headers */,
				ABE00B662CFB891B00DA8AED /* Sources */,
				ABE00B672CFB891B00DA8AED /* Frameworks */,
			);
			buildRules = (
			);
			dependencies = (
			);
			name = "metal-cpp";
			packageProductDependencies = (
			);
			productName = "metal-cpp";
			productReference = ABE00B692CFB891B00DA8AED /* libmetal-cpp.a */;
			productType = "com.apple.product-type.library.static";
		};
		ABF001C32D029B4700C2DC14 /* tools */ = {
			isa = PBXNativeTarget;
			buildConfigurationList = ABF001C82D029B4700C2DC14 /* Build configuration list for PBXNativeTarget "tools" */;
			buildPhases = (
				ABF001C22D029B4700C2DC14 /* Sources */,
			);
			buildRules = (
			);
			dependencies = (
			);
			name = tools;
			packageProductDependencies = (
			);
			productName = tools;
			productReference = ABF001C42D029B4700C2DC14 /* tools.metallib */;
			productType = "com.apple.product-type.metal-library";
		};
/* End PBXNativeTarget section */

/* Begin PBXProject section */
		AB5132AF2CFB7024005738C1 /* Project object */ = {
			isa = PBXProject;
			attributes = {
				BuildIndependentTargetsInParallel = 1;
				LastUpgradeCheck = 1610;
				TargetAttributes = {
					AB5133BF2CFB7108005738C1 = {
						CreatedOnToolsVersion = 16.1;
					};
					AB51357F2CFB7791005738C1 = {
						CreatedOnToolsVersion = 16.1;
					};
					AB51358D2CFB77EE005738C1 = {
						CreatedOnToolsVersion = 16.1;
					};
					AB7553D92D15210F0037E10C = {
						CreatedOnToolsVersion = 16.1;
					};
					ABE00B682CFB891B00DA8AED = {
						CreatedOnToolsVersion = 16.1;
					};
					ABF001C32D029B4700C2DC14 = {
						CreatedOnToolsVersion = 16.1;
					};
				};
			};
			buildConfigurationList = AB5132B22CFB7024005738C1 /* Build configuration list for PBXProject "platinum" */;
			developmentRegion = en;
			hasScannedForEncodings = 0;
			knownRegions = (
				en,
				Base,
			);
			mainGroup = AB5132AE2CFB7024005738C1;
			minimizedProjectReferenceProxies = 1;
			preferredProjectObjectVersion = 77;
			productRefGroup = AB5133C12CFB7108005738C1 /* Products */;
			projectDirPath = "";
			projectRoot = "";
			targets = (
				AB5133BF2CFB7108005738C1 /* platinum */,
				ABE00B682CFB891B00DA8AED /* metal-cpp */,
				AB51357F2CFB7791005738C1 /* renderer_studio */,
				AB51358D2CFB77EE005738C1 /* renderer_pt */,
				ABF001C32D029B4700C2DC14 /* tools */,
				AB7553D92D15210F0037E10C /* loaders */,
			);
		};
/* End PBXProject section */

/* Begin PBXSourcesBuildPhase section */
		AB5133BC2CFB7108005738C1 /* Sources */ = {
			isa = PBXSourcesBuildPhase;
			buildActionMask = 2147483647;
			files = (
			);
			runOnlyForDeploymentPostprocessing = 0;
		};
		AB51357E2CFB7791005738C1 /* Sources */ = {
			isa = PBXSourcesBuildPhase;
			buildActionMask = 2147483647;
			files = (
			);
			runOnlyForDeploymentPostprocessing = 0;
		};
		AB51358C2CFB77EE005738C1 /* Sources */ = {
			isa = PBXSourcesBuildPhase;
			buildActionMask = 2147483647;
			files = (
			);
			runOnlyForDeploymentPostprocessing = 0;
		};
		AB7553D82D15210F0037E10C /* Sources */ = {
			isa = PBXSourcesBuildPhase;
			buildActionMask = 2147483647;
			files = (
			);
			runOnlyForDeploymentPostprocessing = 0;
		};
		ABE00B662CFB891B00DA8AED /* Sources */ = {
			isa = PBXSourcesBuildPhase;
			buildActionMask = 2147483647;
			files = (
			);
			runOnlyForDeploymentPostprocessing = 0;
		};
		ABF001C22D029B4700C2DC14 /* Sources */ = {
			isa = PBXSourcesBuildPhase;
			buildActionMask = 2147483647;
			files = (
			);
			runOnlyForDeploymentPostprocessing = 0;
		};
/* End PBXSourcesBuildPhase section */

/* Begin PBXTargetDependency section */
		AB7553E42D1521240037E10C /* PBXTargetDependency */ = {
			isa = PBXTargetDependency;
			target = AB7553D92D15210F0037E10C /* loaders */;
			targetProxy = AB7553E32D1521240037E10C /* PBXContainerItemProxy */;
		};
		ABE00B752CFB892B00DA8AED /* PBXTargetDependency */ = {
			isa = PBXTargetDependency;
			target = ABE00B682CFB891B00DA8AED /* metal-cpp */;
			targetProxy = ABE00B742CFB892B00DA8AED /* PBXContainerItemProxy */;
		};
		ABECF90B2D0092C100918BB5 /* PBXTargetDependency */ = {
			isa = PBXTargetDependency;
			target = AB51358D2CFB77EE005738C1 /* renderer_pt */;
			targetProxy = ABECF90A2D0092C100918BB5 /* PBXContainerItemProxy */;
		};
		ABECF90D2D0092C400918BB5 /* PBXTargetDependency */ = {
			isa = PBXTargetDependency;
			target = AB51357F2CFB7791005738C1 /* renderer_studio */;
			targetProxy = ABECF90C2D0092C400918BB5 /* PBXContainerItemProxy */;
		};
		ABF001CE2D029B5A00C2DC14 /* PBXTargetDependency */ = {
			isa = PBXTargetDependency;
			target = ABF001C32D029B4700C2DC14 /* tools */;
			targetProxy = ABF001CD2D029B5A00C2DC14 /* PBXContainerItemProxy */;
		};
/* End PBXTargetDependency section */

/* Begin XCBuildConfiguration section */
		AB5132B32CFB7024005738C1 /* Debug */ = {
			isa = XCBuildConfiguration;
			buildSettings = {
			};
			name = Debug;
		};
		AB5132B42CFB7024005738C1 /* Release */ = {
			isa = XCBuildConfiguration;
			buildSettings = {
			};
			name = Release;
		};
		AB5133C62CFB7108005738C1 /* Debug */ = {
			isa = XCBuildConfiguration;
			buildSettings = {
				ALWAYS_SEARCH_USER_PATHS = NO;
				ASSETCATALOG_COMPILER_GENERATE_SWIFT_ASSET_SYMBOL_EXTENSIONS = YES;
				CLANG_ANALYZER_NONNULL = YES;
				CLANG_ANALYZER_NUMBER_OBJECT_CONVERSION = YES_AGGRESSIVE;
				CLANG_CXX_LANGUAGE_STANDARD = "c++23";
				CLANG_ENABLE_MODULES = YES;
				CLANG_ENABLE_OBJC_ARC = YES;
				CLANG_ENABLE_OBJC_WEAK = YES;
				CLANG_WARN_BLOCK_CAPTURE_AUTORELEASING = YES;
				CLANG_WARN_BOOL_CONVERSION = YES;
				CLANG_WARN_COMMA = YES;
				CLANG_WARN_CONSTANT_CONVERSION = YES;
				CLANG_WARN_DEPRECATED_OBJC_IMPLEMENTATIONS = YES;
				CLANG_WARN_DIRECT_OBJC_ISA_USAGE = YES_ERROR;
				CLANG_WARN_DOCUMENTATION_COMMENTS = YES;
				CLANG_WARN_EMPTY_BODY = YES;
				CLANG_WARN_ENUM_CONVERSION = YES;
				CLANG_WARN_INFINITE_RECURSION = YES;
				CLANG_WARN_INT_CONVERSION = YES;
				CLANG_WARN_NON_LITERAL_NULL_CONVERSION = YES;
				CLANG_WARN_OBJC_IMPLICIT_RETAIN_SELF = YES;
				CLANG_WARN_OBJC_LITERAL_CONVERSION = YES;
				CLANG_WARN_OBJC_ROOT_CLASS = YES_ERROR;
				CLANG_WARN_QUOTED_INCLUDE_IN_FRAMEWORK_HEADER = YES;
				CLANG_WARN_RANGE_LOOP_ANALYSIS = YES;
				CLANG_WARN_STRICT_PROTOTYPES = YES;
				CLANG_WARN_SUSPICIOUS_MOVE = YES;
				CLANG_WARN_UNGUARDED_AVAILABILITY = YES_AGGRESSIVE;
				CLANG_WARN_UNREACHABLE_CODE = YES;
				CLANG_WARN__DUPLICATE_METHOD_MATCH = YES;
				CODE_SIGN_STYLE = Automatic;
				COPY_PHASE_STRIP = NO;
				DEBUG_INFORMATION_FORMAT = dwarf;
				ENABLE_STRICT_OBJC_MSGSEND = YES;
				ENABLE_TESTABILITY = YES;
				ENABLE_USER_SCRIPT_SANDBOXING = YES;
				FRAMEWORK_SEARCH_PATHS = (
					"$(inherited)",
					"$(PROJECT_DIR)/sdl2",
					"$(LOCAL_LIBRARY_DIR)/Frameworks",
				);
				GCC_C_LANGUAGE_STANDARD = gnu17;
				GCC_DYNAMIC_NO_PIC = NO;
				GCC_NO_COMMON_BLOCKS = YES;
				GCC_OPTIMIZATION_LEVEL = 0;
				GCC_PREPROCESSOR_DEFINITIONS = (
					"DEBUG=1",
					"$(inherited)",
				);
				GCC_WARN_64_TO_32_BIT_CONVERSION = YES;
				GCC_WARN_ABOUT_RETURN_TYPE = YES_ERROR;
				GCC_WARN_UNDECLARED_SELECTOR = YES;
				GCC_WARN_UNINITIALIZED_AUTOS = YES_AGGRESSIVE;
				GCC_WARN_UNUSED_FUNCTION = YES;
				GCC_WARN_UNUSED_VARIABLE = YES;
				HEADER_SEARCH_PATHS = (
					"$(inherited)",
					"$(PROJECT_DIR)/src",
					"$(PROJECT_DIR)/deps/ankerl",
					"$(PROJECT_DIR)/deps/fastgltf/include",
					"$(PROJECT_DIR)/deps/metal-cmake/metal-cpp",
					"$(PROJECT_DIR)/deps/metal-cmake/metal-cpp-extensions",
					"$(PROJECT_DIR)/deps/nfd",
					"$(PROJECT_DIR)/deps/imgui",
					"$(PROJECT_DIR)/deps/sdl2/include",
					/opt/homebrew/Cellar/openimageio/3.0.1.0/include,
					"$(PROJECT_DIR)/deps/mikkt",
				);
				INSTALL_ROOT = /;
				LIBRARY_SEARCH_PATHS = (
					"$(inherited)",
					"$(PROJECT_DIR)/fastgltf/lib",
					"$(PROJECT_DIR)/nfd",
					"$(PROJECT_DIR)/sdl2/SDL2.framework/Versions/A",
					/opt/homebrew/Cellar/openimageio/3.0.1.0/lib,
					"$(PROJECT_DIR)/deps/fastgltf/lib",
					"$(PROJECT_DIR)/deps/nfd",
				);
				LOCALIZATION_PREFERS_STRING_CATALOGS = YES;
				MACOSX_DEPLOYMENT_TARGET = 15.1;
				MTL_ENABLE_DEBUG_INFO = INCLUDE_SOURCE;
				MTL_FAST_MATH = YES;
				ONLY_ACTIVE_ARCH = YES;
				PRODUCT_NAME = "$(TARGET_NAME)";
				SDKROOT = macosx;
			};
			name = Debug;
		};
		AB5133C72CFB7108005738C1 /* Release */ = {
			isa = XCBuildConfiguration;
			buildSettings = {
				ALWAYS_SEARCH_USER_PATHS = NO;
				ASSETCATALOG_COMPILER_GENERATE_SWIFT_ASSET_SYMBOL_EXTENSIONS = YES;
				CLANG_ANALYZER_NONNULL = YES;
				CLANG_ANALYZER_NUMBER_OBJECT_CONVERSION = YES_AGGRESSIVE;
				CLANG_CXX_LANGUAGE_STANDARD = "c++23";
				CLANG_ENABLE_MODULES = YES;
				CLANG_ENABLE_OBJC_ARC = YES;
				CLANG_ENABLE_OBJC_WEAK = YES;
				CLANG_WARN_BLOCK_CAPTURE_AUTORELEASING = YES;
				CLANG_WARN_BOOL_CONVERSION = YES;
				CLANG_WARN_COMMA = YES;
				CLANG_WARN_CONSTANT_CONVERSION = YES;
				CLANG_WARN_DEPRECATED_OBJC_IMPLEMENTATIONS = YES;
				CLANG_WARN_DIRECT_OBJC_ISA_USAGE = YES_ERROR;
				CLANG_WARN_DOCUMENTATION_COMMENTS = YES;
				CLANG_WARN_EMPTY_BODY = YES;
				CLANG_WARN_ENUM_CONVERSION = YES;
				CLANG_WARN_INFINITE_RECURSION = YES;
				CLANG_WARN_INT_CONVERSION = YES;
				CLANG_WARN_NON_LITERAL_NULL_CONVERSION = YES;
				CLANG_WARN_OBJC_IMPLICIT_RETAIN_SELF = YES;
				CLANG_WARN_OBJC_LITERAL_CONVERSION = YES;
				CLANG_WARN_OBJC_ROOT_CLASS = YES_ERROR;
				CLANG_WARN_QUOTED_INCLUDE_IN_FRAMEWORK_HEADER = YES;
				CLANG_WARN_RANGE_LOOP_ANALYSIS = YES;
				CLANG_WARN_STRICT_PROTOTYPES = YES;
				CLANG_WARN_SUSPICIOUS_MOVE = YES;
				CLANG_WARN_UNGUARDED_AVAILABILITY = YES_AGGRESSIVE;
				CLANG_WARN_UNREACHABLE_CODE = YES;
				CLANG_WARN__DUPLICATE_METHOD_MATCH = YES;
				CODE_SIGN_STYLE = Automatic;
				COPY_PHASE_STRIP = NO;
				DEBUG_INFORMATION_FORMAT = "dwarf-with-dsym";
				ENABLE_NS_ASSERTIONS = NO;
				ENABLE_STRICT_OBJC_MSGSEND = YES;
				ENABLE_USER_SCRIPT_SANDBOXING = YES;
				FRAMEWORK_SEARCH_PATHS = (
					"$(inherited)",
					"$(PROJECT_DIR)/sdl2",
					"$(LOCAL_LIBRARY_DIR)/Frameworks",
				);
				GCC_C_LANGUAGE_STANDARD = gnu17;
				GCC_NO_COMMON_BLOCKS = YES;
				GCC_OPTIMIZATION_LEVEL = 3;
				GCC_WARN_64_TO_32_BIT_CONVERSION = YES;
				GCC_WARN_ABOUT_RETURN_TYPE = YES_ERROR;
				GCC_WARN_UNDECLARED_SELECTOR = YES;
				GCC_WARN_UNINITIALIZED_AUTOS = YES_AGGRESSIVE;
				GCC_WARN_UNUSED_FUNCTION = YES;
				GCC_WARN_UNUSED_VARIABLE = YES;
				HEADER_SEARCH_PATHS = (
					"$(inherited)",
					"$(PROJECT_DIR)/src",
					"$(PROJECT_DIR)/deps/ankerl",
					"$(PROJECT_DIR)/deps/fastgltf/include",
					"$(PROJECT_DIR)/deps/metal-cmake/metal-cpp",
					"$(PROJECT_DIR)/deps/metal-cmake/metal-cpp-extensions",
					"$(PROJECT_DIR)/deps/nfd",
					"$(PROJECT_DIR)/deps/imgui",
					"$(PROJECT_DIR)/deps/sdl2/include",
					/opt/homebrew/Cellar/openimageio/3.0.1.0/include,
					"$(PROJECT_DIR)/deps/mikkt",
				);
				INSTALL_ROOT = /;
				LIBRARY_SEARCH_PATHS = (
					"$(inherited)",
					"$(PROJECT_DIR)/fastgltf/lib",
					"$(PROJECT_DIR)/nfd",
					"$(PROJECT_DIR)/sdl2/SDL2.framework/Versions/A",
					/opt/homebrew/Cellar/openimageio/3.0.1.0/lib,
					"$(PROJECT_DIR)/deps/fastgltf/lib",
					"$(PROJECT_DIR)/deps/nfd",
				);
				LOCALIZATION_PREFERS_STRING_CATALOGS = YES;
				MACOSX_DEPLOYMENT_TARGET = 15.1;
				MTL_ENABLE_DEBUG_INFO = NO;
				MTL_FAST_MATH = YES;
				PRODUCT_NAME = "$(TARGET_NAME)";
				SDKROOT = macosx;
			};
			name = Release;
		};
		AB5135852CFB7791005738C1 /* Debug */ = {
			isa = XCBuildConfiguration;
			buildSettings = {
				ALWAYS_SEARCH_USER_PATHS = NO;
				CODE_SIGN_STYLE = Automatic;
				HEADER_SEARCH_PATHS = "$(inherited)";
				MACOSX_DEPLOYMENT_TARGET = 15.1;
				MTL_ENABLE_DEBUG_INFO = INCLUDE_SOURCE;
				MTL_FAST_MATH = YES;
				PRODUCT_NAME = "$(TARGET_NAME)";
				SDKROOT = macosx;
				VERSIONING_SYSTEM = "";
			};
			name = Debug;
		};
		AB5135862CFB7791005738C1 /* Release */ = {
			isa = XCBuildConfiguration;
			buildSettings = {
				ALWAYS_SEARCH_USER_PATHS = NO;
				CODE_SIGN_STYLE = Automatic;
				HEADER_SEARCH_PATHS = "$(inherited)";
				MACOSX_DEPLOYMENT_TARGET = 15.1;
				MTL_ENABLE_DEBUG_INFO = NO;
				MTL_FAST_MATH = YES;
				PRODUCT_NAME = "$(TARGET_NAME)";
				SDKROOT = macosx;
				VERSIONING_SYSTEM = "";
			};
			name = Release;
		};
		AB5135932CFB77EE005738C1 /* Debug */ = {
			isa = XCBuildConfiguration;
			buildSettings = {
				ALWAYS_SEARCH_USER_PATHS = NO;
				CODE_SIGN_STYLE = Automatic;
				HEADER_SEARCH_PATHS = "$(inherited)";
				MACOSX_DEPLOYMENT_TARGET = 15.1;
				MTL_ENABLE_DEBUG_INFO = INCLUDE_SOURCE;
				MTL_FAST_MATH = YES;
				PRODUCT_NAME = "$(TARGET_NAME)";
				SDKROOT = macosx;
				VERSIONING_SYSTEM = "";
			};
			name = Debug;
		};
		AB5135942CFB77EE005738C1 /* Release */ = {
			isa = XCBuildConfiguration;
			buildSettings = {
				ALWAYS_SEARCH_USER_PATHS = NO;
				CODE_SIGN_STYLE = Automatic;
				HEADER_SEARCH_PATHS = "$(inherited)";
				MACOSX_DEPLOYMENT_TARGET = 15.1;
				MTL_ENABLE_DEBUG_INFO = NO;
				MTL_FAST_MATH = YES;
				PRODUCT_NAME = "$(TARGET_NAME)";
				SDKROOT = macosx;
				VERSIONING_SYSTEM = "";
			};
			name = Release;
		};
		AB7553DF2D15210F0037E10C /* Debug */ = {
			isa = XCBuildConfiguration;
			buildSettings = {
				ALWAYS_SEARCH_USER_PATHS = NO;
				CODE_SIGN_STYLE = Automatic;
				MACOSX_DEPLOYMENT_TARGET = 15.1;
				MTL_ENABLE_DEBUG_INFO = INCLUDE_SOURCE;
				MTL_FAST_MATH = YES;
				PRODUCT_NAME = "$(TARGET_NAME)";
				SDKROOT = macosx;
				VERSIONING_SYSTEM = "";
			};
			name = Debug;
		};
		AB7553E02D15210F0037E10C /* Release */ = {
			isa = XCBuildConfiguration;
			buildSettings = {
				ALWAYS_SEARCH_USER_PATHS = NO;
				CODE_SIGN_STYLE = Automatic;
				MACOSX_DEPLOYMENT_TARGET = 15.1;
				MTL_ENABLE_DEBUG_INFO = NO;
				MTL_FAST_MATH = YES;
				PRODUCT_NAME = "$(TARGET_NAME)";
				SDKROOT = macosx;
				VERSIONING_SYSTEM = "";
			};
			name = Release;
		};
		ABE00B722CFB891B00DA8AED /* Debug */ = {
			isa = XCBuildConfiguration;
			buildSettings = {
				ALWAYS_SEARCH_USER_PATHS = NO;
				ASSETCATALOG_COMPILER_GENERATE_SWIFT_ASSET_SYMBOL_EXTENSIONS = YES;
				CLANG_ANALYZER_NONNULL = YES;
				CLANG_ANALYZER_NUMBER_OBJECT_CONVERSION = YES_AGGRESSIVE;
				CLANG_CXX_LANGUAGE_STANDARD = "gnu++20";
				CLANG_ENABLE_MODULES = YES;
				CLANG_ENABLE_OBJC_ARC = YES;
				CLANG_ENABLE_OBJC_WEAK = YES;
				CLANG_WARN_BLOCK_CAPTURE_AUTORELEASING = YES;
				CLANG_WARN_BOOL_CONVERSION = YES;
				CLANG_WARN_COMMA = YES;
				CLANG_WARN_CONSTANT_CONVERSION = YES;
				CLANG_WARN_DEPRECATED_OBJC_IMPLEMENTATIONS = YES;
				CLANG_WARN_DIRECT_OBJC_ISA_USAGE = YES_ERROR;
				CLANG_WARN_DOCUMENTATION_COMMENTS = YES;
				CLANG_WARN_EMPTY_BODY = YES;
				CLANG_WARN_ENUM_CONVERSION = YES;
				CLANG_WARN_INFINITE_RECURSION = YES;
				CLANG_WARN_INT_CONVERSION = YES;
				CLANG_WARN_NON_LITERAL_NULL_CONVERSION = YES;
				CLANG_WARN_OBJC_IMPLICIT_RETAIN_SELF = YES;
				CLANG_WARN_OBJC_LITERAL_CONVERSION = YES;
				CLANG_WARN_OBJC_ROOT_CLASS = YES_ERROR;
				CLANG_WARN_QUOTED_INCLUDE_IN_FRAMEWORK_HEADER = YES;
				CLANG_WARN_RANGE_LOOP_ANALYSIS = YES;
				CLANG_WARN_STRICT_PROTOTYPES = YES;
				CLANG_WARN_SUSPICIOUS_MOVE = YES;
				CLANG_WARN_UNGUARDED_AVAILABILITY = YES_AGGRESSIVE;
				CLANG_WARN_UNREACHABLE_CODE = YES;
				CLANG_WARN__DUPLICATE_METHOD_MATCH = YES;
				CODE_SIGN_STYLE = Automatic;
				COPY_PHASE_STRIP = NO;
				DEBUG_INFORMATION_FORMAT = dwarf;
				ENABLE_STRICT_OBJC_MSGSEND = YES;
				ENABLE_TESTABILITY = YES;
				ENABLE_USER_SCRIPT_SANDBOXING = YES;
				EXECUTABLE_PREFIX = lib;
				GCC_C_LANGUAGE_STANDARD = gnu17;
				GCC_DYNAMIC_NO_PIC = NO;
				GCC_ENABLE_CPP_EXCEPTIONS = YES;
				GCC_ENABLE_CPP_RTTI = YES;
				GCC_NO_COMMON_BLOCKS = YES;
				GCC_OPTIMIZATION_LEVEL = 0;
				GCC_PREPROCESSOR_DEFINITIONS = (
					"DEBUG=1",
					"$(inherited)",
				);
				GCC_WARN_64_TO_32_BIT_CONVERSION = YES;
				GCC_WARN_ABOUT_RETURN_TYPE = YES_ERROR;
				GCC_WARN_UNDECLARED_SELECTOR = YES;
				GCC_WARN_UNINITIALIZED_AUTOS = YES_AGGRESSIVE;
				GCC_WARN_UNUSED_FUNCTION = YES;
				GCC_WARN_UNUSED_VARIABLE = YES;
				HEADER_SEARCH_PATHS = (
					"$(inherited)",
					"$(PROJECT_DIR)/deps/metal-cmake/metal-cpp",
					"$(PROJECT_DIR)/deps/metal-cmake/metal-cpp-extensions",
				);
				LOCALIZATION_PREFERS_STRING_CATALOGS = YES;
				MACOSX_DEPLOYMENT_TARGET = 15.1;
				MTL_ENABLE_DEBUG_INFO = INCLUDE_SOURCE;
				MTL_FAST_MATH = YES;
				ONLY_ACTIVE_ARCH = YES;
				PRODUCT_NAME = "$(TARGET_NAME)";
				SDKROOT = macosx;
				SKIP_INSTALL = YES;
			};
			name = Debug;
		};
		ABE00B732CFB891B00DA8AED /* Release */ = {
			isa = XCBuildConfiguration;
			buildSettings = {
				ALWAYS_SEARCH_USER_PATHS = NO;
				ASSETCATALOG_COMPILER_GENERATE_SWIFT_ASSET_SYMBOL_EXTENSIONS = YES;
				CLANG_ANALYZER_NONNULL = YES;
				CLANG_ANALYZER_NUMBER_OBJECT_CONVERSION = YES_AGGRESSIVE;
				CLANG_CXX_LANGUAGE_STANDARD = "gnu++20";
				CLANG_ENABLE_MODULES = YES;
				CLANG_ENABLE_OBJC_ARC = YES;
				CLANG_ENABLE_OBJC_WEAK = YES;
				CLANG_WARN_BLOCK_CAPTURE_AUTORELEASING = YES;
				CLANG_WARN_BOOL_CONVERSION = YES;
				CLANG_WARN_COMMA = YES;
				CLANG_WARN_CONSTANT_CONVERSION = YES;
				CLANG_WARN_DEPRECATED_OBJC_IMPLEMENTATIONS = YES;
				CLANG_WARN_DIRECT_OBJC_ISA_USAGE = YES_ERROR;
				CLANG_WARN_DOCUMENTATION_COMMENTS = YES;
				CLANG_WARN_EMPTY_BODY = YES;
				CLANG_WARN_ENUM_CONVERSION = YES;
				CLANG_WARN_INFINITE_RECURSION = YES;
				CLANG_WARN_INT_CONVERSION = YES;
				CLANG_WARN_NON_LITERAL_NULL_CONVERSION = YES;
				CLANG_WARN_OBJC_IMPLICIT_RETAIN_SELF = YES;
				CLANG_WARN_OBJC_LITERAL_CONVERSION = YES;
				CLANG_WARN_OBJC_ROOT_CLASS = YES_ERROR;
				CLANG_WARN_QUOTED_INCLUDE_IN_FRAMEWORK_HEADER = YES;
				CLANG_WARN_RANGE_LOOP_ANALYSIS = YES;
				CLANG_WARN_STRICT_PROTOTYPES = YES;
				CLANG_WARN_SUSPICIOUS_MOVE = YES;
				CLANG_WARN_UNGUARDED_AVAILABILITY = YES_AGGRESSIVE;
				CLANG_WARN_UNREACHABLE_CODE = YES;
				CLANG_WARN__DUPLICATE_METHOD_MATCH = YES;
				CODE_SIGN_STYLE = Automatic;
				COPY_PHASE_STRIP = NO;
				DEBUG_INFORMATION_FORMAT = "dwarf-with-dsym";
				ENABLE_NS_ASSERTIONS = NO;
				ENABLE_STRICT_OBJC_MSGSEND = YES;
				ENABLE_USER_SCRIPT_SANDBOXING = YES;
				EXECUTABLE_PREFIX = lib;
				GCC_C_LANGUAGE_STANDARD = gnu17;
				GCC_ENABLE_CPP_EXCEPTIONS = YES;
				GCC_ENABLE_CPP_RTTI = YES;
				GCC_NO_COMMON_BLOCKS = YES;
				GCC_WARN_64_TO_32_BIT_CONVERSION = YES;
				GCC_WARN_ABOUT_RETURN_TYPE = YES_ERROR;
				GCC_WARN_UNDECLARED_SELECTOR = YES;
				GCC_WARN_UNINITIALIZED_AUTOS = YES_AGGRESSIVE;
				GCC_WARN_UNUSED_FUNCTION = YES;
				GCC_WARN_UNUSED_VARIABLE = YES;
				HEADER_SEARCH_PATHS = (
					"$(inherited)",
					"$(PROJECT_DIR)/deps/metal-cmake/metal-cpp",
					"$(PROJECT_DIR)/deps/metal-cmake/metal-cpp-extensions",
				);
				LOCALIZATION_PREFERS_STRING_CATALOGS = YES;
				MACOSX_DEPLOYMENT_TARGET = 15.1;
				MTL_ENABLE_DEBUG_INFO = NO;
				MTL_FAST_MATH = YES;
				PRODUCT_NAME = "$(TARGET_NAME)";
				SDKROOT = macosx;
				SKIP_INSTALL = YES;
			};
			name = Release;
		};
		ABF001C92D029B4700C2DC14 /* Debug */ = {
			isa = XCBuildConfiguration;
			buildSettings = {
				ALWAYS_SEARCH_USER_PATHS = NO;
				CODE_SIGN_STYLE = Automatic;
				MACOSX_DEPLOYMENT_TARGET = 15.1;
				MTL_ENABLE_DEBUG_INFO = INCLUDE_SOURCE;
				MTL_FAST_MATH = YES;
				PRODUCT_NAME = "$(TARGET_NAME)";
				SDKROOT = macosx;
				VERSIONING_SYSTEM = "";
			};
			name = Debug;
		};
		ABF001CA2D029B4700C2DC14 /* Release */ = {
			isa = XCBuildConfiguration;
			buildSettings = {
				ALWAYS_SEARCH_USER_PATHS = NO;
				CODE_SIGN_STYLE = Automatic;
				MACOSX_DEPLOYMENT_TARGET = 15.1;
				MTL_ENABLE_DEBUG_INFO = NO;
				MTL_FAST_MATH = YES;
				PRODUCT_NAME = "$(TARGET_NAME)";
				SDKROOT = macosx;
				VERSIONING_SYSTEM = "";
			};
			name = Release;
		};
/* End XCBuildConfiguration section */

/* Begin XCConfigurationList section */
		AB5132B22CFB7024005738C1 /* Build configuration list for PBXProject "platinum" */ = {
			isa = XCConfigurationList;
			buildConfigurations = (
				AB5132B32CFB7024005738C1 /* Debug */,
				AB5132B42CFB7024005738C1 /* Release */,
			);
			defaultConfigurationIsVisible = 0;
			defaultConfigurationName = Release;
		};
		AB5133C52CFB7108005738C1 /* Build configuration list for PBXNativeTarget "platinum" */ = {
			isa = XCConfigurationList;
			buildConfigurations = (
				AB5133C62CFB7108005738C1 /* Debug */,
				AB5133C72CFB7108005738C1 /* Release */,
			);
			defaultConfigurationIsVisible = 0;
			defaultConfigurationName = Release;
		};
		AB5135842CFB7791005738C1 /* Build configuration list for PBXNativeTarget "renderer_studio" */ = {
			isa = XCConfigurationList;
			buildConfigurations = (
				AB5135852CFB7791005738C1 /* Debug */,
				AB5135862CFB7791005738C1 /* Release */,
			);
			defaultConfigurationIsVisible = 0;
			defaultConfigurationName = Release;
		};
		AB5135922CFB77EE005738C1 /* Build configuration list for PBXNativeTarget "renderer_pt" */ = {
			isa = XCConfigurationList;
			buildConfigurations = (
				AB5135932CFB77EE005738C1 /* Debug */,
				AB5135942CFB77EE005738C1 /* Release */,
			);
			defaultConfigurationIsVisible = 0;
			defaultConfigurationName = Release;
		};
		AB7553DE2D15210F0037E10C /* Build configuration list for PBXNativeTarget "loaders" */ = {
			isa = XCConfigurationList;
			buildConfigurations = (
				AB7553DF2D15210F0037E10C /* Debug */,
				AB7553E02D15210F0037E10C /* Release */,
			);
			defaultConfigurationIsVisible = 0;
			defaultConfigurationName = Release;
		};
		ABE00B712CFB891B00DA8AED /* Build configuration list for PBXNativeTarget "metal-cpp" */ = {
			isa = XCConfigurationList;
			buildConfigurations = (
				ABE00B722CFB891B00DA8AED /* Debug */,
				ABE00B732CFB891B00DA8AED /* Release */,
			);
			defaultConfigurationIsVisible = 0;
			defaultConfigurationName = Release;
		};
		ABF001C82D029B4700C2DC14 /* Build configuration list for PBXNativeTarget "tools" */ = {
			isa = XCConfigurationList;
			buildConfigurations = (
				ABF001C92D029B4700C2DC14 /* Debug */,
				ABF001CA2D029B4700C2DC14 /* Release */,
			);
			defaultConfigurationIsVisible = 0;
			defaultConfigurationName = Release;
		};
/* End XCConfigurationList section */
	};
	rootObject = AB5132AF2CFB7024005738C1 /* Project object */;
}
